
Microsoft Visual Studio Solution File, Format Version 12.00
# Visual Studio Version 16
VisualStudioVersion = 16.0.31005.135
MinimumVisualStudioVersion = 10.0.40219.1
Project("{9A19103F-16F7-4668-BE54-9A1E7A4F7556}") = "EF5GetStarted", "EF5GetStarted\EF5GetStarted.csproj", "{1921D409-E408-4B16-AE6B-1FF4288698DD}"
EndProject
Project("{9A19103F-16F7-4668-BE54-9A1E7A4F7556}") = "EF3GetStarted", "EF3GetStarted\EF3GetStarted.csproj", "{1D2F5E06-E59A-4AFC-A0E4-B9361822987B}"
EndProject
Global
	GlobalSection(SolutionConfigurationPlatforms) = preSolution
		Debug|Any CPU = Debug|Any CPU
		Release|Any CPU = Release|Any CPU
	EndGlobalSection
	GlobalSection(ProjectConfigurationPlatforms) = postSolution
		{1921D409-E408-4B16-AE6B-1FF4288698DD}.Debug|Any CPU.ActiveCfg = Debug|Any CPU
		{1921D409-E408-4B16-AE6B-1FF4288698DD}.Debug|Any CPU.Build.0 = Debug|Any CPU
		{1921D409-E408-4B16-AE6B-1FF4288698DD}.Release|Any CPU.ActiveCfg = Release|Any CPU
		{1921D409-E408-4B16-AE6B-1FF4288698DD}.Release|Any CPU.Build.0 = Release|Any CPU
		{1D2F5E06-E59A-4AFC-A0E4-B9361822987B}.Debug|Any CPU.ActiveCfg = Debug|Any CPU
		{1D2F5E06-E59A-4AFC-A0E4-B9361822987B}.Debug|Any CPU.Build.0 = Debug|Any CPU
		{1D2F5E06-E59A-4AFC-A0E4-B9361822987B}.Release|Any CPU.ActiveCfg = Release|Any CPU
		{1D2F5E06-E59A-4AFC-A0E4-B9361822987B}.Release|Any CPU.Build.0 = Release|Any CPU
	EndGlobalSection
	GlobalSection(SolutionProperties) = preSolution
		HideSolutionNode = FALSE
	EndGlobalSection
	GlobalSection(ExtensibilityGlobals) = postSolution
		SolutionGuid = {47838888-AE62-4640-909E-8B24EE78D479}
	EndGlobalSection
EndGlobal
